# THIS IS AN AUTOGENERATED FILE. DO NOT EDIT THIS FILE DIRECTLY.
# yarn lockfile v1


"@babel/runtime@^7.12.5":
  version "7.20.1"
  resolved "https://registry.yarnpkg.com/@babel/runtime/-/runtime-7.20.1.tgz#1148bb33ab252b165a06698fde7576092a78b4a9"
  integrity sha512-mrzLkl6U9YLF8qpqI7TB82PESyEGjm/0Ly91jG575eVxMMlb8fYfOXFZIJ8XfLrJZQbm7dlKry2bJmXBUEkdFg==
  dependencies:
    regenerator-runtime "^0.13.10"

"@next/env@13.0.4-canary.2":
  version "13.0.4-canary.2"
  resolved "https://registry.yarnpkg.com/@next/env/-/env-13.0.4-canary.2.tgz#5a2b971af94d3d0d04cf3c7c17f95dbf6a594ced"
  integrity sha512-LM6FH4uyvSu72FWClgqd7eOu3kzHkI8swk2PrQEkLsI2CpCRKGAbLCFmJJHaoT2COBz5hg7KJrnVe2moaviPrQ==

"@next/swc-android-arm-eabi@13.0.4-canary.2":
  version "13.0.4-canary.2"
  resolved "https://registry.yarnpkg.com/@next/swc-android-arm-eabi/-/swc-android-arm-eabi-13.0.4-canary.2.tgz#25814e0832a0f2a9e89b08ff2dc441fe2ee2d65f"
  integrity sha512-PoqqqQ9pV3U2Xka6K2O9FRcDzHITvxZRvOu12SOBLnH92fmKr/rEoMhgcnbDAlcahUQ8lMYgXcC9JAO3cNHXCA==

"@next/swc-android-arm64@13.0.4-canary.2":
  version "13.0.4-canary.2"
  resolved "https://registry.yarnpkg.com/@next/swc-android-arm64/-/swc-android-arm64-13.0.4-canary.2.tgz#135e10fa52ed34b4a2853a429784af4376e3f73e"
  integrity sha512-zSX5dUANW1EgVKVgOHHvQUGgoYCF/8sH8Nyy57DB4dQsqYMw5u4HLTmkxrS0yFPjRZ13ZQS7sounI2N6xVEWyg==

"@next/swc-darwin-arm64@13.0.4-canary.2":
  version "13.0.4-canary.2"
  resolved "https://registry.yarnpkg.com/@next/swc-darwin-arm64/-/swc-darwin-arm64-13.0.4-canary.2.tgz#910c52f0ab7ab22fe0c765d23bcfaeb8b0880b78"
  integrity sha512-KdXPeDAjp8ErJvQZQnJZmKTJdAR2rrt1QA+FvsR7NTT4dpSy15SnvCk/CMa1JteggLU/lTIkanzd647u2vlszg==

"@next/swc-darwin-x64@13.0.4-canary.2":
  version "13.0.4-canary.2"
  resolved "https://registry.yarnpkg.com/@next/swc-darwin-x64/-/swc-darwin-x64-13.0.4-canary.2.tgz#4b4169d76059556cb0d3f2d8fab1e9be898aeaa6"
  integrity sha512-OwqJHQ0nt4rQlbJXIuVhQTlc1sgewdMIQ9Eb/bKia2qLzVK2GzmxnjBBGYeY+9sq7twL7+Lvy0vJoO1X5YSDgA==

"@next/swc-freebsd-x64@13.0.4-canary.2":
  version "13.0.4-canary.2"
  resolved "https://registry.yarnpkg.com/@next/swc-freebsd-x64/-/swc-freebsd-x64-13.0.4-canary.2.tgz#bb639a03a74c5167c57671ae53bb60a3efe90768"
  integrity sha512-pcftldoqHAEZXMg+SqGazFGHb0sHogb7F5aFTdnbRJ57fZwENcTl0YlibbfeC3cqp/Rmx9djGcZRbg/iZiy4jQ==

"@next/swc-linux-arm-gnueabihf@13.0.4-canary.2":
  version "13.0.4-canary.2"
  resolved "https://registry.yarnpkg.com/@next/swc-linux-arm-gnueabihf/-/swc-linux-arm-gnueabihf-13.0.4-canary.2.tgz#67c3c254111cb9fd677c8d9daae877de6294a2fc"
  integrity sha512-DPenRnA7KZZaojGReIzYlQJumBCUS/Y5B2NZRxiafmHhUrX7mMa8BTzn/1dA+CYSzOv2jhYq7hQcs3F4pFsezg==

"@next/swc-linux-arm64-gnu@13.0.4-canary.2":
  version "13.0.4-canary.2"
  resolved "https://registry.yarnpkg.com/@next/swc-linux-arm64-gnu/-/swc-linux-arm64-gnu-13.0.4-canary.2.tgz#39c9a09366b1904ba9bc51c6223e4b2933ba5d33"
  integrity sha512-wTp9Zgnskma1fRhBQTRmB7iGANJMIUecWhZn9TpmCmOmzdwc2r19kUwoq5NHAa1HeqdkKx5iGGg9yS4q7nXqNw==

"@next/swc-linux-arm64-musl@13.0.4-canary.2":
  version "13.0.4-canary.2"
  resolved "https://registry.yarnpkg.com/@next/swc-linux-arm64-musl/-/swc-linux-arm64-musl-13.0.4-canary.2.tgz#71f7092f143ad203b329e4bae980abaa4b7c8b0e"
  integrity sha512-HmB1cmMcWlDSs1uEwwSGKutKTlcMkII/KFQ8++te0d5Mv0ZlPkR/9XXszVFd4/C7uFuJvzxN4aTlwmt1gRgKyA==

"@next/swc-linux-x64-gnu@13.0.4-canary.2":
  version "13.0.4-canary.2"
  resolved "https://registry.yarnpkg.com/@next/swc-linux-x64-gnu/-/swc-linux-x64-gnu-13.0.4-canary.2.tgz#586a709fd828641eecddc7ee66f35d6c4d59f08a"
  integrity sha512-yMNBJr+mlB7AAzvAccBsy3tWVAhqSv/KUUdYbvDxKfD4WxtCQKR39/cAS2biSRhd2BH2T9kVru81QgiTBAnhvA==

"@next/swc-linux-x64-musl@13.0.4-canary.2":
  version "13.0.4-canary.2"
  resolved "https://registry.yarnpkg.com/@next/swc-linux-x64-musl/-/swc-linux-x64-musl-13.0.4-canary.2.tgz#d9e92ff5cb19ad7588891df53e46686db8931911"
  integrity sha512-ME+u/i9ItF/GxrrGn2GhM5e9bxv/UYaaFzcbOeRU+cr1l35/8LrJ8ARaiWlQIZz+1kbxixH8aiOJlv2m7bdnsA==

"@next/swc-win32-arm64-msvc@13.0.4-canary.2":
  version "13.0.4-canary.2"
  resolved "https://registry.yarnpkg.com/@next/swc-win32-arm64-msvc/-/swc-win32-arm64-msvc-13.0.4-canary.2.tgz#3b8e4ecd98cf1ab71cb164e8bed671c2caef4788"
  integrity sha512-uLvU9VSH1AiR3RYUQTytiUcZj4R/SLR+lLgjK8Yp2pyJb05UrccGg6a4e7hVsTu0jz5gSLHt86a98suuodFX+Q==

"@next/swc-win32-ia32-msvc@13.0.4-canary.2":
  version "13.0.4-canary.2"
  resolved "https://registry.yarnpkg.com/@next/swc-win32-ia32-msvc/-/swc-win32-ia32-msvc-13.0.4-canary.2.tgz#ce11ac7fb0672a0ecb24a6f5befcd54497f2095f"
  integrity sha512-YdYj5Y5BvrhOuSGKNZ0xNULgfaMXDy1wkXNwGGPa0bMUN3l8OjmGkwu9b3OevNAPprKI59A7HdLv3HUUR3ZqiA==

"@next/swc-win32-x64-msvc@13.0.4-canary.2":
  version "13.0.4-canary.2"
  resolved "https://registry.yarnpkg.com/@next/swc-win32-x64-msvc/-/swc-win32-x64-msvc-13.0.4-canary.2.tgz#c6ab69ff652ecb3a9b189b1d08087274a01aba8a"
  integrity sha512-fJHp4A4Z/W0FDonXTsnp/sLb60ZYbefYg1VRGpKuDrjnb1ywxzdbEa7QLVm4VFqLqssvesLH37goRa2diQywXQ==

"@swc/helpers@0.4.11":
  version "0.4.11"
  resolved "https://registry.yarnpkg.com/@swc/helpers/-/helpers-0.4.11.tgz#db23a376761b3d31c26502122f349a21b592c8de"
  integrity sha512-rEUrBSGIoSFuYxwBYtlUFMlE2CwGhmW+w9355/5oduSw8e5h2+Tj4UrAGNNgP9915++wj5vkQo0UuOBqOAq4nw==
  dependencies:
    tslib "^2.4.0"

"@tanstack/query-core@4.15.1":
  version "4.15.1"
  resolved "https://registry.yarnpkg.com/@tanstack/query-core/-/query-core-4.15.1.tgz#a282f04fe5e612b50019e1cfaf0efabd220e00ce"
  integrity sha512-+UfqJsNbPIVo0a9ANW0ZxtjiMfGLaaoIaL9vZeVycvmBuWywJGtSi7fgPVMCPdZQFOzMsaXaOsDtSKQD5xLRVQ==

"@tanstack/react-query@^4.16.1":
  version "4.16.1"
  resolved "https://registry.yarnpkg.com/@tanstack/react-query/-/react-query-4.16.1.tgz#077006b8eb2c87fbe8d1597c1a0083a2d218b791"
  integrity sha512-PDE9u49wSDykPazlCoLFevUpceLjQ0Mm8i6038HgtTEKb/aoVnUZdlUP7C392ds3Cd75+EGlHU7qpEX06R7d9Q==
  dependencies:
    "@tanstack/query-core" "4.15.1"
    use-sync-external-store "^1.2.0"

"@types/node@^18.0.0":
  version "18.11.9"
  resolved "https://registry.yarnpkg.com/@types/node/-/node-18.11.9.tgz#02d013de7058cea16d36168ef2fc653464cfbad4"
  integrity sha512-CRpX21/kGdzjOpFsZSkcrXMGIBWMGNIHXXBVFSH+ggkftxg+XYP20TESbh+zFvFj3EQOl5byk0HTRn1IL6hbqg==

"@types/prop-types@*":
  version "15.7.5"
  resolved "https://registry.yarnpkg.com/@types/prop-types/-/prop-types-15.7.5.tgz#5f19d2b85a98e9558036f6a3cacc8819420f05cf"
  integrity sha512-JCB8C6SnDoQf0cNycqd/35A7MjcnK+ZTqE7judS6o7utxUCg6imJg3QK2qzHKszlTjcj2cn+NwMB2i96ubpj7w==

"@types/react@^18.0.14":
  version "18.0.25"
  resolved "https://registry.yarnpkg.com/@types/react/-/react-18.0.25.tgz#8b1dcd7e56fe7315535a4af25435e0bb55c8ae44"
  integrity sha512-xD6c0KDT4m7n9uD4ZHi02lzskaiqcBxf4zi+tXZY98a04wvc0hi/TcCPC2FOESZi51Nd7tlUeOJY8RofL799/g==
  dependencies:
    "@types/prop-types" "*"
    "@types/scheduler" "*"
    csstype "^3.0.2"

"@types/scheduler@*":
  version "0.16.2"
  resolved "https://registry.yarnpkg.com/@types/scheduler/-/scheduler-0.16.2.tgz#1a62f89525723dde24ba1b01b092bf5df8ad4d39"
  integrity sha512-hppQEBDmlwhFAXKJX2KnWLYu5yMfi91yazPb2l+lbJiwW+wdo1gNeRA+3RgNSO39WYX2euey41KEwnqesU2Jew==

asynckit@^0.4.0:
  version "0.4.0"
  resolved "https://registry.yarnpkg.com/asynckit/-/asynckit-0.4.0.tgz#c79ed97f7f34cb8f2ba1bc9790bcc366474b4b79"
  integrity sha512-Oei9OH4tRh0YqU3GxhX79dM/mwVgvbZJaSNaRk+bshkj0S5cfHcgYakreBjrHwatXKbz+IoIdYLxrKim2MjW0Q==

axios@^1.1.3:
  version "1.1.3"
  resolved "https://registry.yarnpkg.com/axios/-/axios-1.1.3.tgz#8274250dada2edf53814ed7db644b9c2866c1e35"
  integrity sha512-00tXVRwKx/FZr/IDVFt4C+f9FYairX517WoGCL6dpOntqLkZofjhu43F/Xl44UOpqa+9sLFDrG/XAnFsUYgkDA==
  dependencies:
    follow-redirects "^1.15.0"
    form-data "^4.0.0"
    proxy-from-env "^1.1.0"

caniuse-lite@^1.0.30001406:
  version "1.0.30001431"
  resolved "https://registry.yarnpkg.com/caniuse-lite/-/caniuse-lite-1.0.30001431.tgz#e7c59bd1bc518fae03a4656be442ce6c4887a795"
  integrity sha512-zBUoFU0ZcxpvSt9IU66dXVT/3ctO1cy4y9cscs1szkPlcWb6pasYM144GqrUygUbT+k7cmUCW61cvskjcv0enQ==

client-only@0.0.1:
  version "0.0.1"
  resolved "https://registry.yarnpkg.com/client-only/-/client-only-0.0.1.tgz#38bba5d403c41ab150bff64a95c85013cf73bca1"
  integrity sha512-IV3Ou0jSMzZrd3pZ48nLkT9DA7Ag1pnPzaiQhpW7c3RbcqqzvzzVu+L8gfqMp/8IM2MQtSiqaCxrrcfu8I8rMA==

combined-stream@^1.0.8:
  version "1.0.8"
  resolved "https://registry.yarnpkg.com/combined-stream/-/combined-stream-1.0.8.tgz#c3d45a8b34fd730631a110a8a2520682b31d5a7f"
  integrity sha512-FQN4MRfuJeHf7cBbBMJFXhKSDq+2kAArBlmRBvcvFE5BB1HZKXtSFASDhdlz9zOYwxh8lDdnvmMOe/+5cdoEdg==
  dependencies:
    delayed-stream "~1.0.0"

csstype@^3.0.2:
  version "3.1.1"
  resolved "https://registry.yarnpkg.com/csstype/-/csstype-3.1.1.tgz#841b532c45c758ee546a11d5bd7b7b473c8c30b9"
  integrity sha512-DJR/VvkAvSZW9bTouZue2sSxDwdTN92uHjqeKVm+0dAqdfNykRzQ95tay8aXMBAAPpUiq4Qcug2L7neoRh2Egw==

delayed-stream@~1.0.0:
  version "1.0.0"
  resolved "https://registry.yarnpkg.com/delayed-stream/-/delayed-stream-1.0.0.tgz#df3ae199acadfb7d440aaae0b29e2272b24ec619"
  integrity sha512-ZySD7Nf91aLB0RxL4KGrKHBXl7Eds1DAmEdcoVawXnLD7SDhpNgtuII2aAkg7a7QS41jxPSZ17p4VdGnMHk3MQ==

follow-redirects@^1.15.0:
  version "1.15.2"
  resolved "https://registry.yarnpkg.com/follow-redirects/-/follow-redirects-1.15.2.tgz#b460864144ba63f2681096f274c4e57026da2c13"
  integrity sha512-VQLG33o04KaQ8uYi2tVNbdrWp1QWxNNea+nmIB4EVM28v0hmP17z7aG1+wAkNzVq4KeXTq3221ye5qTJP91JwA==

form-data@^4.0.0:
  version "4.0.0"
  resolved "https://registry.yarnpkg.com/form-data/-/form-data-4.0.0.tgz#93919daeaf361ee529584b9b31664dc12c9fa452"
  integrity sha512-ETEklSGi5t0QMZuiXoA/Q6vcnxcLQP5vdugSpuAyi6SVGi2clPPp+xgEhuMaHC+zGgn31Kd235W35f7Hykkaww==
  dependencies:
    asynckit "^0.4.0"
    combined-stream "^1.0.8"
    mime-types "^2.1.12"

"js-tokens@^3.0.0 || ^4.0.0":
  version "4.0.0"
  resolved "https://registry.yarnpkg.com/js-tokens/-/js-tokens-4.0.0.tgz#19203fb59991df98e3a287050d4647cdeaf32499"
  integrity sha512-RdJUflcE3cUzKiMqQgsCu06FPu9UdIJO0beYbPhHN4k6apgJtifcoCtT9bcxOpYBtpD2kCM6Sbzg4CausW/PKQ==

loose-envify@^1.1.0:
  version "1.4.0"
  resolved "https://registry.yarnpkg.com/loose-envify/-/loose-envify-1.4.0.tgz#71ee51fa7be4caec1a63839f7e682d8132d30caf"
  integrity sha512-lyuxPGr/Wfhrlem2CL/UcnUc1zcqKAImBDzukY7Y5F/yQiNdko6+fRLevlw1HgMySw7f611UIY408EtxRSoK3Q==
  dependencies:
    js-tokens "^3.0.0 || ^4.0.0"

mime-db@1.52.0:
  version "1.52.0"
  resolved "https://registry.yarnpkg.com/mime-db/-/mime-db-1.52.0.tgz#bbabcdc02859f4987301c856e3387ce5ec43bf70"
  integrity sha512-sPU4uV7dYlvtWJxwwxHD0PuihVNiE7TyAbQ5SWxDCB9mUYvOgroQOwYQQOKPJ8CIbE+1ETVlOoK1UC2nU3gYvg==

mime-types@^2.1.12:
  version "2.1.35"
  resolved "https://registry.yarnpkg.com/mime-types/-/mime-types-2.1.35.tgz#381a871b62a734450660ae3deee44813f70d959a"
  integrity sha512-ZDY+bPm5zTTF+YpCrAU9nK0UgICYPT0QtT1NZWFv4s++TNkcgVaT0g6+4R2uI4MjQjzysHB1zxuWL50hzaeXiw==
  dependencies:
    mime-db "1.52.0"

nanoid@^3.3.4:
  version "3.3.4"
  resolved "https://registry.yarnpkg.com/nanoid/-/nanoid-3.3.4.tgz#730b67e3cd09e2deacf03c027c81c9d9dbc5e8ab"
  integrity sha512-MqBkQh/OHTS2egovRtLk45wEyNXwF+cokD+1YPf9u5VfJiRdAiRwB2froX5Co9Rh20xs4siNPm8naNotSD6RBw==

next@canary:
  version "13.0.4-canary.2"
  resolved "https://registry.yarnpkg.com/next/-/next-13.0.4-canary.2.tgz#1654778092154ca440b94fe32ea3e6b2fa3ebd01"
  integrity sha512-wA7xnNAQIjgTlr0eWRUyeNdkJkcuC7bw68GQ2wnONJSm7V4tg73wfU+u5GiSq9xVkHb3/PJR1w2Lr2eTylfroA==
  dependencies:
    "@next/env" "13.0.4-canary.2"
    "@swc/helpers" "0.4.11"
    caniuse-lite "^1.0.30001406"
    postcss "8.4.14"
    styled-jsx "5.1.0"
    use-sync-external-store "1.2.0"
  optionalDependencies:
    "@next/swc-android-arm-eabi" "13.0.4-canary.2"
    "@next/swc-android-arm64" "13.0.4-canary.2"
    "@next/swc-darwin-arm64" "13.0.4-canary.2"
    "@next/swc-darwin-x64" "13.0.4-canary.2"
    "@next/swc-freebsd-x64" "13.0.4-canary.2"
    "@next/swc-linux-arm-gnueabihf" "13.0.4-canary.2"
    "@next/swc-linux-arm64-gnu" "13.0.4-canary.2"
    "@next/swc-linux-arm64-musl" "13.0.4-canary.2"
    "@next/swc-linux-x64-gnu" "13.0.4-canary.2"
    "@next/swc-linux-x64-musl" "13.0.4-canary.2"
    "@next/swc-win32-arm64-msvc" "13.0.4-canary.2"
    "@next/swc-win32-ia32-msvc" "13.0.4-canary.2"
    "@next/swc-win32-x64-msvc" "13.0.4-canary.2"

picocolors@^1.0.0:
  version "1.0.0"
  resolved "https://registry.yarnpkg.com/picocolors/-/picocolors-1.0.0.tgz#cb5bdc74ff3f51892236eaf79d68bc44564ab81c"
  integrity sha512-1fygroTLlHu66zi26VoTDv8yRgm0Fccecssto+MhsZ0D/DGW2sm8E8AjW7NU5VVTRt5GxbeZ5qBuJr+HyLYkjQ==

postcss@8.4.14:
  version "8.4.14"
  resolved "https://registry.yarnpkg.com/postcss/-/postcss-8.4.14.tgz#ee9274d5622b4858c1007a74d76e42e56fd21caf"
  integrity sha512-E398TUmfAYFPBSdzgeieK2Y1+1cpdxJx8yXbK/m57nRhKSmk1GB2tO4lbLBtlkfPQTDKfe4Xqv1ASWPpayPEig==
  dependencies:
    nanoid "^3.3.4"
    picocolors "^1.0.0"
    source-map-js "^1.0.2"

proxy-from-env@^1.1.0:
  version "1.1.0"
  resolved "https://registry.yarnpkg.com/proxy-from-env/-/proxy-from-env-1.1.0.tgz#e102f16ca355424865755d2c9e8ea4f24d58c3e2"
  integrity sha512-D+zkORCbA9f1tdWRK0RaCR3GPv50cMxcrz4X8k5LTSUD1Dkw47mKJEZQNunItRTkWwgtaUSo1RVFRIG9ZXiFYg==

react-dom@^18.2.0:
  version "18.2.0"
  resolved "https://registry.yarnpkg.com/react-dom/-/react-dom-18.2.0.tgz#22aaf38708db2674ed9ada224ca4aa708d821e3d"
  integrity sha512-6IMTriUmvsjHUjNtEDudZfuDQUoWXVxKHhlEGSk81n4YFS+r/Kl99wXiwlVXtPBtJenozv2P+hxDsw9eA7Xo6g==
  dependencies:
    loose-envify "^1.1.0"
    scheduler "^0.23.0"

react-error-boundary@^3.1.4:
  version "3.1.4"
  resolved "https://registry.yarnpkg.com/react-error-boundary/-/react-error-boundary-3.1.4.tgz#255db92b23197108757a888b01e5b729919abde0"
  integrity sha512-uM9uPzZJTF6wRQORmSrvOIgt4lJ9MC1sNgEOj2XGsDTRE4kmpWxg7ENK9EWNKJRMAOY9z0MuF4yIfl6gp4sotA==
  dependencies:
    "@babel/runtime" "^7.12.5"

react@^18.2.0:
  version "18.2.0"
  resolved "https://registry.yarnpkg.com/react/-/react-18.2.0.tgz#555bd98592883255fa00de14f1151a917b5d77d5"
  integrity sha512-/3IjMdb2L9QbBdWiW5e3P2/npwMBaU9mHCSCUzNln0ZCYbcfTsGbTJrU/kGemdH2IWmB2ioZ+zkxtmq6g09fGQ==
  dependencies:
    loose-envify "^1.1.0"

regenerator-runtime@^0.13.10:
  version "0.13.10"
  resolved "https://registry.yarnpkg.com/regenerator-runtime/-/regenerator-runtime-0.13.10.tgz#ed07b19616bcbec5da6274ebc75ae95634bfc2ee"
  integrity sha512-KepLsg4dU12hryUO7bp/axHAKvwGOCV0sGloQtpagJ12ai+ojVDqkeGSiRX1zlq+kjIMZ1t7gpze+26QqtdGqw==

scheduler@^0.23.0:
  version "0.23.0"
  resolved "https://registry.yarnpkg.com/scheduler/-/scheduler-0.23.0.tgz#ba8041afc3d30eb206a487b6b384002e4e61fdfe"
  integrity sha512-CtuThmgHNg7zIZWAXi3AsyIzA3n4xx7aNyjwC2VJldO2LMVDhFK+63xGqq6CsJH4rTAt6/M+N4GhZiDYPx9eUw==
  dependencies:
    loose-envify "^1.1.0"

source-map-js@^1.0.2:
  version "1.0.2"
  resolved "https://registry.yarnpkg.com/source-map-js/-/source-map-js-1.0.2.tgz#adbc361d9c62df380125e7f161f71c826f1e490c"
  integrity sha512-R0XvVJ9WusLiqTCEiGCmICCMplcCkIwwR11mOSD9CR5u+IXYdiseeEuXCVAjS54zqwkLcPNnmU4OeJ6tUrWhDw==

styled-jsx@5.1.0:
  version "5.1.0"
  resolved "https://registry.yarnpkg.com/styled-jsx/-/styled-jsx-5.1.0.tgz#4a5622ab9714bd3fcfaeec292aa555871f057563"
  integrity sha512-/iHaRJt9U7T+5tp6TRelLnqBqiaIT0HsO0+vgyj8hK2KUk7aejFqRrumqPUlAqDwAj8IbS/1hk3IhBAAK/FCUQ==
  dependencies:
    client-only "0.0.1"

tslib@^2.4.0:
  version "2.4.1"
  resolved "https://registry.yarnpkg.com/tslib/-/tslib-2.4.1.tgz#0d0bfbaac2880b91e22df0768e55be9753a5b17e"
  integrity sha512-tGyy4dAjRIEwI7BzsB0lynWgOpfqjUdq91XXAlIWD2OwKBH7oCl/GZG/HT4BOHrTlPMOASlMQ7veyTqpmRcrNA==

typescript@^4.7.4:
  version "4.9.3"
  resolved "https://registry.yarnpkg.com/typescript/-/typescript-4.9.3.tgz#3aea307c1746b8c384435d8ac36b8a2e580d85db"
  integrity sha512-CIfGzTelbKNEnLpLdGFgdyKhG23CKdKgQPOBc+OUNrkJ2vr+KSzsSV5kq5iWhEQbok+quxgGzrAtGWCyU7tHnA==

use-sync-external-store@1.2.0, use-sync-external-store@^1.2.0:
  version "1.2.0"
  resolved "https://registry.yarnpkg.com/use-sync-external-store/-/use-sync-external-store-1.2.0.tgz#7dbefd6ef3fe4e767a0cf5d7287aacfb5846928a"
  integrity sha512-eEgnFxGQ1Ife9bzYs6VLi8/4X6CObHMw9Qr9tPY43iKwsPw8xE8+EFsf/2cFZ5S3esXgpWgtSCtLNS41F+sKPA==
